
Microsoft Visual Studio Solution File, Format Version 12.00
# Visual Studio Version 17
VisualStudioVersion = 17.5.33530.505
MinimumVisualStudioVersion = 10.0.40219.1
Project("{FAE04EC0-301F-11D3-BF4B-00C04F79EFBC}") = "devopsWebApp", "devopsWebApp\devopsWebApp.csproj", "{FD53F5CD-ADB1-4833-8986-44BA21A37226}"
EndProject
Project("{FAE04EC0-301F-11D3-BF4B-00C04F79EFBC}") = "TestProject1", "TestProject1\TestProject1.csproj", "{B4FF0CD7-F1F8-4006-BF38-097A1C6B99E3}"
EndProject
Global
	GlobalSection(SolutionConfigurationPlatforms) = preSolution
		Debug|Any CPU = Debug|Any CPU
		Release|Any CPU = Release|Any CPU
	EndGlobalSection
	GlobalSection(ProjectConfigurationPlatforms) = postSolution
		{FD53F5CD-ADB1-4833-8986-44BA21A37226}.Debug|Any CPU.ActiveCfg = Debug|Any CPU
		{FD53F5CD-ADB1-4833-8986-44BA21A37226}.Debug|Any CPU.Build.0 = Debug|Any CPU
		{FD53F5CD-ADB1-4833-8986-44BA21A37226}.Release|Any CPU.ActiveCfg = Release|Any CPU
		{FD53F5CD-ADB1-4833-8986-44BA21A37226}.Release|Any CPU.Build.0 = Release|Any CPU
		{B4FF0CD7-F1F8-4006-BF38-097A1C6B99E3}.Debug|Any CPU.ActiveCfg = Debug|Any CPU
		{B4FF0CD7-F1F8-4006-BF38-097A1C6B99E3}.Debug|Any CPU.Build.0 = Debug|Any CPU
		{B4FF0CD7-F1F8-4006-BF38-097A1C6B99E3}.Release|Any CPU.ActiveCfg = Release|Any CPU
		{B4FF0CD7-F1F8-4006-BF38-097A1C6B99E3}.Release|Any CPU.Build.0 = Release|Any CPU
	EndGlobalSection
	GlobalSection(SolutionProperties) = preSolution
		HideSolutionNode = FALSE
	EndGlobalSection
	GlobalSection(ExtensibilityGlobals) = postSolution
		SolutionGuid = {CAAE6E66-6291-432C-9414-4218E309714A}
	EndGlobalSection
EndGlobal
